
Microsoft Visual Studio Solution File, Format Version 12.00
# Visual Studio Version 16
VisualStudioVersion = 16.0.32126.315
MinimumVisualStudioVersion = 10.0.40219.1
Project("{FAE04EC0-301F-11D3-BF4B-00C04F79EFBC}") = "ElenStore.Android", "ElenStore\ElenStore.Android\ElenStore.Android.csproj", "{3DCA33EA-68F1-45CC-A928-6B3698B358ED}"
EndProject
Project("{FAE04EC0-301F-11D3-BF4B-00C04F79EFBC}") = "ElenStore", "ElenStore\ElenStore\ElenStore.csproj", "{33C5095E-63AF-4240-94DE-F1C8B1B2C36E}"
EndProject
Global
	GlobalSection(SolutionConfigurationPlatforms) = preSolution
		Debug|Any CPU = Debug|Any CPU
		Release|Any CPU = Release|Any CPU
	EndGlobalSection
	GlobalSection(ProjectConfigurationPlatforms) = postSolution
		{3DCA33EA-68F1-45CC-A928-6B3698B358ED}.Debug|Any CPU.ActiveCfg = Debug|Any CPU
		{3DCA33EA-68F1-45CC-A928-6B3698B358ED}.Debug|Any CPU.Build.0 = Debug|Any CPU
		{3DCA33EA-68F1-45CC-A928-6B3698B358ED}.Debug|Any CPU.Deploy.0 = Debug|Any CPU
		{3DCA33EA-68F1-45CC-A928-6B3698B358ED}.Release|Any CPU.ActiveCfg = Release|Any CPU
		{3DCA33EA-68F1-45CC-A928-6B3698B358ED}.Release|Any CPU.Build.0 = Release|Any CPU
		{3DCA33EA-68F1-45CC-A928-6B3698B358ED}.Release|Any CPU.Deploy.0 = Release|Any CPU
		{33C5095E-63AF-4240-94DE-F1C8B1B2C36E}.Debug|Any CPU.ActiveCfg = Debug|Any CPU
		{33C5095E-63AF-4240-94DE-F1C8B1B2C36E}.Debug|Any CPU.Build.0 = Debug|Any CPU
		{33C5095E-63AF-4240-94DE-F1C8B1B2C36E}.Debug|Any CPU.Deploy.0 = Debug|Any CPU
		{33C5095E-63AF-4240-94DE-F1C8B1B2C36E}.Release|Any CPU.ActiveCfg = Release|Any CPU
		{33C5095E-63AF-4240-94DE-F1C8B1B2C36E}.Release|Any CPU.Build.0 = Release|Any CPU
		{33C5095E-63AF-4240-94DE-F1C8B1B2C36E}.Release|Any CPU.Deploy.0 = Release|Any CPU
	EndGlobalSection
	GlobalSection(SolutionProperties) = preSolution
		HideSolutionNode = FALSE
	EndGlobalSection
	GlobalSection(ExtensibilityGlobals) = postSolution
		SolutionGuid = {FAA7F8E3-3AC6-4258-B66F-DB01C02D231C}
	EndGlobalSection
EndGlobal
